
Microsoft Visual Studio Solution File, Format Version 12.00
# Visual Studio Version 17
VisualStudioVersion = 17.0.31903.59
MinimumVisualStudioVersion = 10.0.40219.1
Project("{2150E333-8FDC-42A3-9474-1A3956D46DE8}") = "src", "src", "{827E0CD3-B72D-47B6-A68D-7590B98EB39B}"
EndProject
Project("{FAE04EC0-301F-11D3-BF4B-00C04F79EFBC}") = "JaygahYar.Domain", "src\JaygahYar.Domain\JaygahYar.Domain.csproj", "{BE416DA8-9ED9-4533-8FCC-D36EA5E1710A}"
EndProject
Project("{FAE04EC0-301F-11D3-BF4B-00C04F79EFBC}") = "JaygahYar.Application", "src\JaygahYar.Application\JaygahYar.Application.csproj", "{C16923A3-2F61-4548-881D-84534D9D5F1E}"
EndProject
Project("{FAE04EC0-301F-11D3-BF4B-00C04F79EFBC}") = "JaygahYar.Infrastructure", "src\JaygahYar.Infrastructure\JaygahYar.Infrastructure.csproj", "{2DEBA723-4CBE-4E8C-A8E9-C63761BD4D1E}"
EndProject
Project("{FAE04EC0-301F-11D3-BF4B-00C04F79EFBC}") = "JaygahYar.WebAPI", "src\JaygahYar.WebAPI\JaygahYar.WebAPI.csproj", "{01FCEB09-3650-4964-A840-621D568AA166}"
EndProject
Global
	GlobalSection(SolutionConfigurationPlatforms) = preSolution
		Debug|Any CPU = Debug|Any CPU
		Debug|x64 = Debug|x64
		Debug|x86 = Debug|x86
		Release|Any CPU = Release|Any CPU
		Release|x64 = Release|x64
		Release|x86 = Release|x86
	EndGlobalSection
	GlobalSection(ProjectConfigurationPlatforms) = postSolution
		{BE416DA8-9ED9-4533-8FCC-D36EA5E1710A}.Debug|Any CPU.ActiveCfg = Debug|Any CPU
		{BE416DA8-9ED9-4533-8FCC-D36EA5E1710A}.Debug|Any CPU.Build.0 = Debug|Any CPU
		{BE416DA8-9ED9-4533-8FCC-D36EA5E1710A}.Debug|x64.ActiveCfg = Debug|Any CPU
		{BE416DA8-9ED9-4533-8FCC-D36EA5E1710A}.Debug|x64.Build.0 = Debug|Any CPU
		{BE416DA8-9ED9-4533-8FCC-D36EA5E1710A}.Debug|x86.ActiveCfg = Debug|Any CPU
		{BE416DA8-9ED9-4533-8FCC-D36EA5E1710A}.Debug|x86.Build.0 = Debug|Any CPU
		{BE416DA8-9ED9-4533-8FCC-D36EA5E1710A}.Release|Any CPU.ActiveCfg = Release|Any CPU
		{BE416DA8-9ED9-4533-8FCC-D36EA5E1710A}.Release|Any CPU.Build.0 = Release|Any CPU
		{BE416DA8-9ED9-4533-8FCC-D36EA5E1710A}.Release|x64.ActiveCfg = Release|Any CPU
		{BE416DA8-9ED9-4533-8FCC-D36EA5E1710A}.Release|x64.Build.0 = Release|Any CPU
		{BE416DA8-9ED9-4533-8FCC-D36EA5E1710A}.Release|x86.ActiveCfg = Release|Any CPU
		{BE416DA8-9ED9-4533-8FCC-D36EA5E1710A}.Release|x86.Build.0 = Release|Any CPU
		{C16923A3-2F61-4548-881D-84534D9D5F1E}.Debug|Any CPU.ActiveCfg = Debug|Any CPU
		{C16923A3-2F61-4548-881D-84534D9D5F1E}.Debug|Any CPU.Build.0 = Debug|Any CPU
		{C16923A3-2F61-4548-881D-84534D9D5F1E}.Debug|x64.ActiveCfg = Debug|Any CPU
		{C16923A3-2F61-4548-881D-84534D9D5F1E}.Debug|x64.Build.0 = Debug|Any CPU
		{C16923A3-2F61-4548-881D-84534D9D5F1E}.Debug|x86.ActiveCfg = Debug|Any CPU
		{C16923A3-2F61-4548-881D-84534D9D5F1E}.Debug|x86.Build.0 = Debug|Any CPU
		{C16923A3-2F61-4548-881D-84534D9D5F1E}.Release|Any CPU.ActiveCfg = Release|Any CPU
		{C16923A3-2F61-4548-881D-84534D9D5F1E}.Release|Any CPU.Build.0 = Release|Any CPU
		{C16923A3-2F61-4548-881D-84534D9D5F1E}.Release|x64.ActiveCfg = Release|Any CPU
		{C16923A3-2F61-4548-881D-84534D9D5F1E}.Release|x64.Build.0 = Release|Any CPU
		{C16923A3-2F61-4548-881D-84534D9D5F1E}.Release|x86.ActiveCfg = Release|Any CPU
		{C16923A3-2F61-4548-881D-84534D9D5F1E}.Release|x86.Build.0 = Release|Any CPU
		{2DEBA723-4CBE-4E8C-A8E9-C63761BD4D1E}.Debug|Any CPU.ActiveCfg = Debug|Any CPU
		{2DEBA723-4CBE-4E8C-A8E9-C63761BD4D1E}.Debug|Any CPU.Build.0 = Debug|Any CPU
		{2DEBA723-4CBE-4E8C-A8E9-C63761BD4D1E}.Debug|x64.ActiveCfg = Debug|Any CPU
		{2DEBA723-4CBE-4E8C-A8E9-C63761BD4D1E}.Debug|x64.Build.0 = Debug|Any CPU
		{2DEBA723-4CBE-4E8C-A8E9-C63761BD4D1E}.Debug|x86.ActiveCfg = Debug|Any CPU
		{2DEBA723-4CBE-4E8C-A8E9-C63761BD4D1E}.Debug|x86.Build.0 = Debug|Any CPU
		{2DEBA723-4CBE-4E8C-A8E9-C63761BD4D1E}.Release|Any CPU.ActiveCfg = Release|Any CPU
		{2DEBA723-4CBE-4E8C-A8E9-C63761BD4D1E}.Release|Any CPU.Build.0 = Release|Any CPU
		{2DEBA723-4CBE-4E8C-A8E9-C63761BD4D1E}.Release|x64.ActiveCfg = Release|Any CPU
		{2DEBA723-4CBE-4E8C-A8E9-C63761BD4D1E}.Release|x64.Build.0 = Release|Any CPU
		{2DEBA723-4CBE-4E8C-A8E9-C63761BD4D1E}.Release|x86.ActiveCfg = Release|Any CPU
		{2DEBA723-4CBE-4E8C-A8E9-C63761BD4D1E}.Release|x86.Build.0 = Release|Any CPU
		{01FCEB09-3650-4964-A840-621D568AA166}.Debug|Any CPU.ActiveCfg = Debug|Any CPU
		{01FCEB09-3650-4964-A840-621D568AA166}.Debug|Any CPU.Build.0 = Debug|Any CPU
		{01FCEB09-3650-4964-A840-621D568AA166}.Debug|x64.ActiveCfg = Debug|Any CPU
		{01FCEB09-3650-4964-A840-621D568AA166}.Debug|x64.Build.0 = Debug|Any CPU
		{01FCEB09-3650-4964-A840-621D568AA166}.Debug|x86.ActiveCfg = Debug|Any CPU
		{01FCEB09-3650-4964-A840-621D568AA166}.Debug|x86.Build.0 = Debug|Any CPU
		{01FCEB09-3650-4964-A840-621D568AA166}.Release|Any CPU.ActiveCfg = Release|Any CPU
		{01FCEB09-3650-4964-A840-621D568AA166}.Release|Any CPU.Build.0 = Release|Any CPU
		{01FCEB09-3650-4964-A840-621D568AA166}.Release|x64.ActiveCfg = Release|Any CPU
		{01FCEB09-3650-4964-A840-621D568AA166}.Release|x64.Build.0 = Release|Any CPU
		{01FCEB09-3650-4964-A840-621D568AA166}.Release|x86.ActiveCfg = Release|Any CPU
		{01FCEB09-3650-4964-A840-621D568AA166}.Release|x86.Build.0 = Release|Any CPU
	EndGlobalSection
	GlobalSection(SolutionProperties) = preSolution
		HideSolutionNode = FALSE
	EndGlobalSection
	GlobalSection(NestedProjects) = preSolution
		{BE416DA8-9ED9-4533-8FCC-D36EA5E1710A} = {827E0CD3-B72D-47B6-A68D-7590B98EB39B}
		{C16923A3-2F61-4548-881D-84534D9D5F1E} = {827E0CD3-B72D-47B6-A68D-7590B98EB39B}
		{2DEBA723-4CBE-4E8C-A8E9-C63761BD4D1E} = {827E0CD3-B72D-47B6-A68D-7590B98EB39B}
		{01FCEB09-3650-4964-A840-621D568AA166} = {827E0CD3-B72D-47B6-A68D-7590B98EB39B}
	EndGlobalSection
EndGlobal
